
Microsoft Visual Studio Solution File, Format Version 12.00
# Visual Studio Version 16
VisualStudioVersion = 16.0.30309.148
MinimumVisualStudioVersion = 10.0.40219.1
Project("{FAE04EC0-301F-11D3-BF4B-00C04F79EFBC}") = "ConnectionStringApp", "ConnectionStringApp\ConnectionStringApp.csproj", "{1D627BB1-F13E-49DA-92F6-6F808366A921}"
EndProject
Project("{FAE04EC0-301F-11D3-BF4B-00C04F79EFBC}") = "Tests", "Tests\Tests.csproj", "{31DD93FB-95D2-4387-9632-A453875F5DE2}"
EndProject
Project("{FAE04EC0-301F-11D3-BF4B-00C04F79EFBC}") = "Models", "Models\Models.csproj", "{4D0324C7-69C2-4A57-A084-82B62D0E336E}"
EndProject
Global
	GlobalSection(SolutionConfigurationPlatforms) = preSolution
		Debug|Any CPU = Debug|Any CPU
		Release|Any CPU = Release|Any CPU
	EndGlobalSection
	GlobalSection(ProjectConfigurationPlatforms) = postSolution
		{1D627BB1-F13E-49DA-92F6-6F808366A921}.Debug|Any CPU.ActiveCfg = Debug|Any CPU
		{1D627BB1-F13E-49DA-92F6-6F808366A921}.Debug|Any CPU.Build.0 = Debug|Any CPU
		{1D627BB1-F13E-49DA-92F6-6F808366A921}.Release|Any CPU.ActiveCfg = Release|Any CPU
		{1D627BB1-F13E-49DA-92F6-6F808366A921}.Release|Any CPU.Build.0 = Release|Any CPU
		{31DD93FB-95D2-4387-9632-A453875F5DE2}.Debug|Any CPU.ActiveCfg = Debug|Any CPU
		{31DD93FB-95D2-4387-9632-A453875F5DE2}.Debug|Any CPU.Build.0 = Debug|Any CPU
		{31DD93FB-95D2-4387-9632-A453875F5DE2}.Release|Any CPU.ActiveCfg = Release|Any CPU
		{31DD93FB-95D2-4387-9632-A453875F5DE2}.Release|Any CPU.Build.0 = Release|Any CPU
		{4D0324C7-69C2-4A57-A084-82B62D0E336E}.Debug|Any CPU.ActiveCfg = Debug|Any CPU
		{4D0324C7-69C2-4A57-A084-82B62D0E336E}.Debug|Any CPU.Build.0 = Debug|Any CPU
		{4D0324C7-69C2-4A57-A084-82B62D0E336E}.Release|Any CPU.ActiveCfg = Release|Any CPU
		{4D0324C7-69C2-4A57-A084-82B62D0E336E}.Release|Any CPU.Build.0 = Release|Any CPU
	EndGlobalSection
	GlobalSection(SolutionProperties) = preSolution
		HideSolutionNode = FALSE
	EndGlobalSection
	GlobalSection(ExtensibilityGlobals) = postSolution
		SolutionGuid = {54F11804-49F7-4DD0-9267-AF5C7ADEC305}
	EndGlobalSection
EndGlobal
